
Microsoft Visual Studio Solution File, Format Version 12.00
# Visual Studio Version 18
VisualStudioVersion = 18.3.11222.16 d18.3
MinimumVisualStudioVersion = 10.0.40219.1
Project("{FAE04EC0-301F-11D3-BF4B-00C04F79EFBC}") = "RevoltUltimate.Notification", "RevoltUltimate.Notification\RevoltUltimate.Notification.csproj", "{63067972-8FD6-8C77-02E0-B0C397A8BEBD}"
EndProject
Project("{FAE04EC0-301F-11D3-BF4B-00C04F79EFBC}") = "RevoltUltimate.Desktop", "RevoltUltimate.Desktop\RevoltUltimate.Desktop.csproj", "{FC83DF84-E048-DEA1-46E5-18D99087EC32}"
EndProject
Project("{FAE04EC0-301F-11D3-BF4B-00C04F79EFBC}") = "RevoltUltimate.API", "RevoltUltimate.API\RevoltUltimate.API.csproj", "{8C652B6C-488C-B9E8-22E4-B44A270441BF}"
EndProject
Global
	GlobalSection(SolutionConfigurationPlatforms) = preSolution
		Debug|Any CPU = Debug|Any CPU
		Release|Any CPU = Release|Any CPU
	EndGlobalSection
	GlobalSection(ProjectConfigurationPlatforms) = postSolution
		{63067972-8FD6-8C77-02E0-B0C397A8BEBD}.Debug|Any CPU.ActiveCfg = Debug|Any CPU
		{63067972-8FD6-8C77-02E0-B0C397A8BEBD}.Debug|Any CPU.Build.0 = Debug|Any CPU
		{63067972-8FD6-8C77-02E0-B0C397A8BEBD}.Release|Any CPU.ActiveCfg = Release|Any CPU
		{63067972-8FD6-8C77-02E0-B0C397A8BEBD}.Release|Any CPU.Build.0 = Release|Any CPU
		{FC83DF84-E048-DEA1-46E5-18D99087EC32}.Debug|Any CPU.ActiveCfg = Debug|Any CPU
		{FC83DF84-E048-DEA1-46E5-18D99087EC32}.Debug|Any CPU.Build.0 = Debug|Any CPU
		{FC83DF84-E048-DEA1-46E5-18D99087EC32}.Release|Any CPU.ActiveCfg = Release|Any CPU
		{FC83DF84-E048-DEA1-46E5-18D99087EC32}.Release|Any CPU.Build.0 = Release|Any CPU
		{8C652B6C-488C-B9E8-22E4-B44A270441BF}.Debug|Any CPU.ActiveCfg = Debug|Any CPU
		{8C652B6C-488C-B9E8-22E4-B44A270441BF}.Debug|Any CPU.Build.0 = Debug|Any CPU
		{8C652B6C-488C-B9E8-22E4-B44A270441BF}.Release|Any CPU.ActiveCfg = Release|Any CPU
		{8C652B6C-488C-B9E8-22E4-B44A270441BF}.Release|Any CPU.Build.0 = Release|Any CPU
	EndGlobalSection
	GlobalSection(SolutionProperties) = preSolution
		HideSolutionNode = FALSE
	EndGlobalSection
	GlobalSection(ExtensibilityGlobals) = postSolution
		SolutionGuid = {66857928-C3A0-4488-A2EF-B5999904DF11}
	EndGlobalSection
EndGlobal
